# The Atlas apps and atlas-framework that go in the image, each pinned to one
# commit. CI and `just build` build exactly these; nothing follows a branch.
# Change a pin with `just pins-update [name]` (or the "Update Atlas app pins"
# workflow's pull request), never by hand-typing a hash; scripts/atlas-pins.py
# checks the file.
#
# name       GitHub repository                 commit (40 hex)                           release
framework    EternalCoder454/atlas-framework   7a114a112bd1fff4fe3d6facc81b0a81e5d2db30  v1.4.0
updater      EternalCoder454/atlasos-updater   79c56bf3fb1b6424abefd98911081f2996802ad6
monitor      EternalCoder454/atlasos-monitor   c85ebb20d75a9048f88ac8b5d76ac4d9c0b77922
notepad      EternalCoder454/atlasos-notepad   220dbb9fd406e7fe99b2b2f6feabdf97166da7f2
