# The Telamon apps and telamon-framework that go in the image, each pinned to one
# commit. CI and `just build` build exactly these; nothing follows a branch.
# Change a pin with `just pins-update [name]` (or the "Update Telamon app pins"
# workflow's pull request), never by hand-typing a hash; scripts/telamon-pins.py
# checks the file.
#
# name       GitHub repository                 commit (40 hex)                           release
framework    EternalCoder454/atlas-framework   b40693828d053ae59567529fdbac4bb3a397ca71  v2.0.2
updater      EternalCoder454/atlasos-updater   5304c8f5c921ae014af7f84500b3e59ed3d15a13
monitor      EternalCoder454/atlasos-monitor   8762bafa2565a2ce09f7072a81f64ad7c72d9d20
notepad      EternalCoder454/atlasos-notepad   abbd4f6bba0fc5dfef919eea15cc16b27f800c93
settings     EternalCoder454/atlasos-settings  f538bb99b1eb51bbe7ff4eb1dd57d2c6b2ca7897  v0.4.5
wizard       EternalCoder454/atlasos-wizard    be7ddef59c83b9d18098fc55a454f90f0701eba3  v0.2.1
store        EternalCoder454/atlasos-store     e1086eccf09b9b68ea0342d6a1e7f2e1ab9828f9  v0.3.1
explorer     EternalCoder454/atlasos-explorer  b13e637055ca1454869173038adda95ecb1f917e
archive      EternalCoder454/atlasos-archive   94784318c29191328f3d0708f51f8af2a412b054
launcher     EternalCoder454/atlasos-launcher  79c651e6e105bbb2d99b41c70119f3e15027c5a5  v0.3.2
screenshot   EternalCoder454/atlasos-screenshot  ffd544f52d0b8fb0972345d473cb2210c623142b
installer    EternalCoder454/atlasos-installer  529a1baf7fa1dca005d1dec9b3ae1b9381c797f9
